// !$*UTF8*$!
{
	archiveVersion = 1;
	classes = {
	};
	objectVersion = 46;
	objects = {

/* Begin PBXBuildFile section */
		997B4D5BB3F0590586A400B6 /* main.swift in Sources */ = {isa = PBXBuildFile; fileRef = 997B4CE0750C7475B5D36AEB /* main.swift */; };
/* End PBXBuildFile section */

/* Begin PBXCopyFilesBuildPhase section */
		997B4B5BCBC0F99E23592E3A /* CopyFiles */ = {
			isa = PBXCopyFilesBuildPhase;
			buildActionMask = 2147483647;
			dstPath = /usr/share/man/man1/;
			dstSubfolderSpec = 0;
			files = (
			);
			runOnlyForDeploymentPostprocessing = 1;
		};
/* End PBXCopyFilesBuildPhase section */

/* Begin PBXFileReference section */
		997B4A6BB22D63B179677FAE /* swift-compile-measure */ = {isa = PBXFileReference; explicitFileType = "compiled.mach-o.executable"; includeInIndex = 0; path = "swift-compile-measure"; sourceTree = BUILT_PRODUCTS_DIR; };
		997B4CE0750C7475B5D36AEB /* main.swift */ = {isa = PBXFileReference; lastKnownFileType = sourcecode.swift; path = main.swift; sourceTree = "<group>"; };
/* End PBXFileReference section */

/* Begin PBXFrameworksBuildPhase section */
		997B49E1FA5803978FA1665B /* Frameworks */ = {
			isa = PBXFrameworksBuildPhase;
			buildActionMask = 2147483647;
			files = (
			);
			runOnlyForDeploymentPostprocessing = 0;
		};
/* End PBXFrameworksBuildPhase section */

/* Begin PBXGroup section */
		997B402ACF6D9DAE1E0C6007 = {
			isa = PBXGroup;
			children = (
				997B428B00C6D2B0A72F5723 /* Products */,
				997B41D8DB8086A29F7D1888 /* swift-compile-measure */,
			);
			sourceTree = "<group>";
		};
		997B41D8DB8086A29F7D1888 /* swift-compile-measure */ = {
			isa = PBXGroup;
			children = (
				997B4CE0750C7475B5D36AEB /* main.swift */,
			);
			path = "swift-compile-measure";
			sourceTree = "<group>";
		};
		997B428B00C6D2B0A72F5723 /* Products */ = {
			isa = PBXGroup;
			children = (
				997B4A6BB22D63B179677FAE /* swift-compile-measure */,
			);
			name = Products;
			sourceTree = "<group>";
		};
/* End PBXGroup section */

/* Begin PBXNativeTarget section */
		997B4015F32D66AFE4C1A97D /* swift-compile-measure */ = {
			isa = PBXNativeTarget;
			buildConfigurationList = 997B4129C1FD509D648D5C1C /* Build configuration list for PBXNativeTarget "swift-compile-measure" */;
			buildPhases = (
				997B4E733CDC6E9ECA26A0AC /* Sources */,
				997B49E1FA5803978FA1665B /* Frameworks */,
				997B4B5BCBC0F99E23592E3A /* CopyFiles */,
			);
			buildRules = (
			);
			dependencies = (
			);
			name = "swift-compile-measure";
			productName = "swift-compile-measure";
			productReference = 997B4A6BB22D63B179677FAE /* swift-compile-measure */;
			productType = "com.apple.product-type.tool";
		};
/* End PBXNativeTarget section */

/* Begin PBXProject section */
		997B48F52D94E5FAAB38BA7D /* Project object */ = {
			isa = PBXProject;
			attributes = {
				ORGANIZATIONNAME = "___FULLUSERNAME___";
			};
			buildConfigurationList = 997B4DE16767B6235AC0FB76 /* Build configuration list for PBXProject "swift-compile-measure" */;
			compatibilityVersion = "Xcode 3.2";
			developmentRegion = English;
			hasScannedForEncodings = 0;
			knownRegions = (
				en,
			);
			mainGroup = 997B402ACF6D9DAE1E0C6007;
			productRefGroup = 997B428B00C6D2B0A72F5723 /* Products */;
			projectDirPath = "";
			projectRoot = "";
			targets = (
				997B4015F32D66AFE4C1A97D /* swift-compile-measure */,
			);
		};
/* End PBXProject section */

/* Begin PBXSourcesBuildPhase section */
		997B4E733CDC6E9ECA26A0AC /* Sources */ = {
			isa = PBXSourcesBuildPhase;
			buildActionMask = 2147483647;
			files = (
				997B4D5BB3F0590586A400B6 /* main.swift in Sources */,
			);
			runOnlyForDeploymentPostprocessing = 0;
		};
/* End PBXSourcesBuildPhase section */

/* Begin XCBuildConfiguration section */
		997B44FC38210846E7816D47 /* Debug */ = {
			isa = XCBuildConfiguration;
			buildSettings = {
				ALWAYS_SEARCH_USER_PATHS = NO;
				CLANG_CXX_LANGUAGE_STANDARD = "gnu++0x";
				CLANG_CXX_LIBRARY = "libc++";
				CLANG_ENABLE_MODULES = YES;
				CLANG_ENABLE_OBJC_ARC = YES;
				CLANG_WARN_BOOL_CONVERSION = YES;
				CLANG_WARN_CONSTANT_CONVERSION = YES;
				CLANG_WARN_DIRECT_OBJC_ISA_USAGE = YES_ERROR;
				CLANG_WARN_EMPTY_BODY = YES;
				CLANG_WARN_ENUM_CONVERSION = YES;
				CLANG_WARN_INT_CONVERSION = YES;
				CLANG_WARN_OBJC_ROOT_CLASS = YES_ERROR;
				CLANG_WARN_UNREACHABLE_CODE = YES;
				CLANG_WARN__DUPLICATE_METHOD_MATCH = YES;
				COPY_PHASE_STRIP = NO;
				DEBUG_INFORMATION_FORMAT = dwarf;
				ENABLE_STRICT_OBJC_MSGSEND = YES;
				ENABLE_TESTABILITY = YES;
				GCC_C_LANGUAGE_STANDARD = gnu99;
				GCC_DYNAMIC_NO_PIC = NO;
				GCC_NO_COMMON_BLOCKS = YES;
				GCC_OPTIMIZATION_LEVEL = 0;
				GCC_PREPROCESSOR_DEFINITIONS = (
					"DEBUG=1",
					"$(inherited)",
				);
				GCC_WARN_64_TO_32_BIT_CONVERSION = YES;
				GCC_WARN_ABOUT_RETURN_TYPE = YES_ERROR;
				GCC_WARN_UNDECLARED_SELECTOR = YES;
				GCC_WARN_UNINITIALIZED_AUTOS = YES_AGGRESSIVE;
				GCC_WARN_UNUSED_FUNCTION = YES;
				GCC_WARN_UNUSED_VARIABLE = YES;
				MACOSX_DEPLOYMENT_TARGET = 10.10;
				MTL_ENABLE_DEBUG_INFO = YES;
				ONLY_ACTIVE_ARCH = YES;
				SDKROOT = macosx;
				SWIFT_OPTIMIZATION_LEVEL = "-Onone";
			};
			name = Debug;
		};
		997B4857CD5EEAE28A73D5A4 /* Debug */ = {
			isa = XCBuildConfiguration;
			buildSettings = {
				PRODUCT_NAME = "$(TARGET_NAME)";
			};
			name = Debug;
		};
		997B4964A0CA34E16FBC7C49 /* Release */ = {
			isa = XCBuildConfiguration;
			buildSettings = {
				PRODUCT_NAME = "$(TARGET_NAME)";
			};
			name = Release;
		};
		997B4BFFF5A62A7D1D51C3DB /* Release */ = {
			isa = XCBuildConfiguration;
			buildSettings = {
				ALWAYS_SEARCH_USER_PATHS = NO;
				CLANG_CXX_LANGUAGE_STANDARD = "gnu++0x";
				CLANG_CXX_LIBRARY = "libc++";
				CLANG_ENABLE_MODULES = YES;
				CLANG_ENABLE_OBJC_ARC = YES;
				CLANG_WARN_BOOL_CONVERSION = YES;
				CLANG_WARN_CONSTANT_CONVERSION = YES;
				CLANG_WARN_DIRECT_OBJC_ISA_USAGE = YES_ERROR;
				CLANG_WARN_EMPTY_BODY = YES;
				CLANG_WARN_ENUM_CONVERSION = YES;
				CLANG_WARN_INT_CONVERSION = YES;
				CLANG_WARN_OBJC_ROOT_CLASS = YES_ERROR;
				CLANG_WARN_UNREACHABLE_CODE = YES;
				CLANG_WARN__DUPLICATE_METHOD_MATCH = YES;
				COPY_PHASE_STRIP = NO;
				DEBUG_INFORMATION_FORMAT = "dwarf-with-dsym";
				ENABLE_NS_ASSERTIONS = NO;
				ENABLE_STRICT_OBJC_MSGSEND = YES;
				GCC_C_LANGUAGE_STANDARD = gnu99;
				GCC_NO_COMMON_BLOCKS = YES;
				GCC_WARN_64_TO_32_BIT_CONVERSION = YES;
				GCC_WARN_ABOUT_RETURN_TYPE = YES_ERROR;
				GCC_WARN_UNDECLARED_SELECTOR = YES;
				GCC_WARN_UNINITIALIZED_AUTOS = YES_AGGRESSIVE;
				GCC_WARN_UNUSED_FUNCTION = YES;
				GCC_WARN_UNUSED_VARIABLE = YES;
				MACOSX_DEPLOYMENT_TARGET = 10.10;
				MTL_ENABLE_DEBUG_INFO = NO;
				SDKROOT = macosx;
			};
			name = Release;
		};
/* End XCBuildConfiguration section */

/* Begin XCConfigurationList section */
		997B4129C1FD509D648D5C1C /* Build configuration list for PBXNativeTarget "swift-compile-measure" */ = {
			isa = XCConfigurationList;
			buildConfigurations = (
				997B4857CD5EEAE28A73D5A4 /* Debug */,
				997B4964A0CA34E16FBC7C49 /* Release */,
			);
			defaultConfigurationIsVisible = 0;
		};
		997B4DE16767B6235AC0FB76 /* Build configuration list for PBXProject "swift-compile-measure" */ = {
			isa = XCConfigurationList;
			buildConfigurations = (
				997B44FC38210846E7816D47 /* Debug */,
				997B4BFFF5A62A7D1D51C3DB /* Release */,
			);
			defaultConfigurationIsVisible = 0;
			defaultConfigurationName = Release;
		};
/* End XCConfigurationList section */
	};
	rootObject = 997B48F52D94E5FAAB38BA7D /* Project object */;
}
